<?xml version="1.0" encoding="utf-8"?>
<Project ToolsVersion="4.0" xmlns="http://schemas.microsoft.com/developer/msbuild/2003">
  <ItemGroup>
    <Filter Include="Resource Files">
      <UniqueIdentifier>{67DA6AB6-F800-4c08-8B7A-83BB121AAD01}</UniqueIdentifier>
      <Extensions>rc;ico;cur;bmp;dlg;rc2;rct;bin;rgs;gif;jpg;jpeg;jpe;resx;tiff;tif;png;wav;mfcribbon-ms</Extensions>
    </Filter>
    <Filter Include="HKSEngine">
      <UniqueIdentifier>{f6ff1b3a-ac5a-4a93-b4ab-b37a96dde3d3}</UniqueIdentifier>
    </Filter>
    <Filter Include="HKSEngine\Effects">
      <UniqueIdentifier>{384a1f1e-1def-46d7-8186-848bf55d6fa7}</UniqueIdentifier>
    </Filter>
    <Filter Include="App">
      <UniqueIdentifier>{93995380-89BD-4b04-88EB-625FBE52EBFB}</UniqueIdentifier>
    </Filter>
    <Filter Include="App\Actor">
      <UniqueIdentifier>{7b489769-3be8-4144-b2a0-c065d93579b5}</UniqueIdentifier>
    </Filter>
    <Filter Include="App\Scene">
      <UniqueIdentifier>{652056c6-9094-409b-810d-c4f12c4fc977}</UniqueIdentifier>
    </Filter>
    <Filter Include="HKSEngine\Alias">
      <UniqueIdentifier>{ced0d857-112a-4598-a517-7ba889d94aa7}</UniqueIdentifier>
    </Filter>
    <Filter Include="Shader">
      <UniqueIdentifier>{5dc8acce-7f67-4249-b496-cfd50897916b}</UniqueIdentifier>
    </Filter>
  </ItemGroup>
  <ItemGroup>
    <ClCompile Include="Source\main.cpp">
      <Filter>App</Filter>
    </ClCompile>
    <ClCompile Include="Source\App.cpp">
      <Filter>App</Filter>
    </ClCompile>
    <ClCompile Include="Source\BasicEffect.cpp">
      <Filter>HKSEngine\Effects</Filter>
    </ClCompile>
    <ClCompile Include="Source\SpriteEffect.cpp">
      <Filter>HKSEngine\Effects</Filter>
    </ClCompile>
    <ClCompile Include="Source\ToonEffect.cpp">
      <Filter>HKSEngine\Effects</Filter>
    </ClCompile>
    <ClCompile Include="Source\AudioManager.cpp">
      <Filter>HKSEngine</Filter>
    </ClCompile>
    <ClCompile Include="Source\Graphics.cpp">
      <Filter>HKSEngine</Filter>
    </ClCompile>
    <ClCompile Include="Source\Model.cpp">
      <Filter>HKSEngine</Filter>
    </ClCompile>
    <ClCompile Include="Source\Sprite.cpp">
      <Filter>HKSEngine</Filter>
    </ClCompile>
    <ClCompile Include="Source\Sprite2D.cpp">
      <Filter>HKSEngine</Filter>
    </ClCompile>
    <ClCompile Include="Source\Window.cpp">
      <Filter>HKSEngine</Filter>
    </ClCompile>
    <ClCompile Include="Source\AssetsManager.cpp">
      <Filter>HKSEngine</Filter>
    </ClCompile>
    <ClCompile Include="Source\TitleScene.cpp">
      <Filter>App\Scene</Filter>
    </ClCompile>
    <ClCompile Include="Source\PlayScene.cpp">
      <Filter>App\Scene</Filter>
    </ClCompile>
    <ClCompile Include="Source\Bullet.cpp">
      <Filter>App\Actor</Filter>
    </ClCompile>
    <ClCompile Include="Source\Enemy.cpp">
      <Filter>App\Actor</Filter>
    </ClCompile>
    <ClCompile Include="Source\Particle.cpp">
      <Filter>App\Actor</Filter>
    </ClCompile>
    <ClCompile Include="Source\Player.cpp">
      <Filter>App\Actor</Filter>
    </ClCompile>
    <ClCompile Include="Source\Score.cpp">
      <Filter>App\Actor</Filter>
    </ClCompile>
  </ItemGroup>
  <ItemGroup>
    <ClInclude Include="Source\Actor.h">
      <Filter>HKSEngine</Filter>
    </ClInclude>
    <ClInclude Include="Source\AudioManager.h">
      <Filter>HKSEngine</Filter>
    </ClInclude>
    <ClInclude Include="Source\Camera.h">
      <Filter>HKSEngine</Filter>
    </ClInclude>
    <ClInclude Include="Source\Easing.h">
      <Filter>HKSEngine</Filter>
    </ClInclude>
    <ClInclude Include="Source\Fwd.h">
      <Filter>HKSEngine</Filter>
    </ClInclude>
    <ClInclude Include="Source\Graphics.h">
      <Filter>HKSEngine</Filter>
    </ClInclude>
    <ClInclude Include="Source\InputManager.h">
      <Filter>HKSEngine</Filter>
    </ClInclude>
    <ClInclude Include="Source\LightParam.h">
      <Filter>HKSEngine</Filter>
    </ClInclude>
    <ClInclude Include="Source\Log.h">
      <Filter>HKSEngine</Filter>
    </ClInclude>
    <ClInclude Include="Source\Model.h">
      <Filter>HKSEngine</Filter>
    </ClInclude>
    <ClInclude Include="Source\Random.h">
      <Filter>HKSEngine</Filter>
    </ClInclude>
    <ClInclude Include="Source\Scene.h">
      <Filter>HKSEngine</Filter>
    </ClInclude>
    <ClInclude Include="Source\ShaderRV.h">
      <Filter>HKSEngine</Filter>
    </ClInclude>
    <ClInclude Include="Source\Singleton.h">
      <Filter>HKSEngine</Filter>
    </ClInclude>
    <ClInclude Include="Source\Sprite.h">
      <Filter>HKSEngine</Filter>
    </ClInclude>
    <ClInclude Include="Source\Sprite2D.h">
      <Filter>HKSEngine</Filter>
    </ClInclude>
    <ClInclude Include="Source\BasicEffect.h">
      <Filter>HKSEngine\Effects</Filter>
    </ClInclude>
    <ClInclude Include="Source\SpriteEffect.h">
      <Filter>HKSEngine\Effects</Filter>
    </ClInclude>
    <ClInclude Include="Source\ToonEffect.h">
      <Filter>HKSEngine\Effects</Filter>
    </ClInclude>
    <ClInclude Include="Source\App.h">
      <Filter>App</Filter>
    </ClInclude>
    <ClInclude Include="Source\Particle.h">
      <Filter>App\Actor</Filter>
    </ClInclude>
    <ClInclude Include="Source\Player.h">
      <Filter>App\Actor</Filter>
    </ClInclude>
    <ClInclude Include="Source\Score.h">
      <Filter>App\Actor</Filter>
    </ClInclude>
    <ClInclude Include="Source\Enemy.h">
      <Filter>App\Actor</Filter>
    </ClInclude>
    <ClInclude Include="Source\MathAlias.h">
      <Filter>HKSEngine\Alias</Filter>
    </ClInclude>
    <ClInclude Include="Source\Types.h">
      <Filter>HKSEngine\Alias</Filter>
    </ClInclude>
    <ClInclude Include="Source\PtrAlias.h">
      <Filter>HKSEngine\Alias</Filter>
    </ClInclude>
    <ClInclude Include="Source\UtilDX.h">
      <Filter>HKSEngine</Filter>
    </ClInclude>
    <ClInclude Include="Source\UtilFunc.h">
      <Filter>HKSEngine</Filter>
    </ClInclude>
    <ClInclude Include="Source\UtilStr.h">
      <Filter>HKSEngine</Filter>
    </ClInclude>
    <ClInclude Include="Source\FPSManager.h">
      <Filter>HKSEngine</Filter>
    </ClInclude>
    <ClInclude Include="Source\Window.h">
      <Filter>HKSEngine</Filter>
    </ClInclude>
    <ClInclude Include="Source\Bullet.h">
      <Filter>App\Actor</Filter>
    </ClInclude>
    <ClInclude Include="Source\AssetsManager.h">
      <Filter>HKSEngine</Filter>
    </ClInclude>
    <ClInclude Include="Source\ImGuiLog.h">
      <Filter>HKSEngine</Filter>
    </ClInclude>
    <ClInclude Include="Source\TitleScene.h">
      <Filter>App\Scene</Filter>
    </ClInclude>
    <ClInclude Include="Source\PlayScene.h">
      <Filter>App\Scene</Filter>
    </ClInclude>
    <ClInclude Include="Source\Time.h">
      <Filter>HKSEngine</Filter>
    </ClInclude>
  </ItemGroup>
  <ItemGroup>
    <FxCompile Include="assets\shader\basic.fx">
      <Filter>Shader</Filter>
    </FxCompile>
    <FxCompile Include="assets\shader\sprite.fx">
      <Filter>Shader</Filter>
    </FxCompile>
    <FxCompile Include="assets\shader\toon.fx">
      <Filter>Shader</Filter>
    </FxCompile>
    <FxCompile Include="assets\shader\bloom.fx">
      <Filter>Shader</Filter>
    </FxCompile>
  </ItemGroup>
</Project>