<?xml version="1.0" encoding="utf-8"?>
<Project ToolsVersion="4.0" xmlns="http://schemas.microsoft.com/developer/msbuild/2003">
  <ItemGroup>
    <Filter Include="Source Files">
      <UniqueIdentifier>{4FC737F1-C7A5-4376-A066-2A32D752A2FF}</UniqueIdentifier>
      <Extensions>cpp;c;cc;cxx;def;odl;idl;hpj;bat;asm;asmx</Extensions>
    </Filter>
    <Filter Include="Header Files">
      <UniqueIdentifier>{93995380-89BD-4b04-88EB-625FBE52EBFB}</UniqueIdentifier>
      <Extensions>h;hh;hpp;hxx;hm;inl;inc;xsd</Extensions>
    </Filter>
    <Filter Include="Resource Files">
      <UniqueIdentifier>{67DA6AB6-F800-4c08-8B7A-83BB121AAD01}</UniqueIdentifier>
      <Extensions>rc;ico;cur;bmp;dlg;rc2;rct;bin;rgs;gif;jpg;jpeg;jpe;resx;tiff;tif;png;wav;mfcribbon-ms</Extensions>
    </Filter>
    <Filter Include="Shader">
      <UniqueIdentifier>{5dc8acce-7f67-4249-b496-cfd50897916b}</UniqueIdentifier>
    </Filter>
    <Filter Include="Header Files\lib">
      <UniqueIdentifier>{65f93ef3-b256-4af7-b57c-47c3255ebb45}</UniqueIdentifier>
    </Filter>
    <Filter Include="Source Files\lib">
      <UniqueIdentifier>{836d4df3-264f-4d0d-9f33-a1de1cb18488}</UniqueIdentifier>
    </Filter>
    <Filter Include="Source Files\lib\Effects">
      <UniqueIdentifier>{403d6822-81dc-4cbc-8a73-ff2e43841c43}</UniqueIdentifier>
    </Filter>
    <Filter Include="Header Files\lib\Effects">
      <UniqueIdentifier>{384a1f1e-1def-46d7-8186-848bf55d6fa7}</UniqueIdentifier>
    </Filter>
    <Filter Include="Source Files\app">
      <UniqueIdentifier>{b8289e96-bb20-4872-b762-834ce3d345eb}</UniqueIdentifier>
    </Filter>
    <Filter Include="Header Files\app">
      <UniqueIdentifier>{b5e585c8-bda1-4e10-84f5-1ec7fc93158f}</UniqueIdentifier>
    </Filter>
    <Filter Include="Header Files\app\actor">
      <UniqueIdentifier>{0af75107-62a1-43d3-ad69-c7df5122f7e8}</UniqueIdentifier>
    </Filter>
  </ItemGroup>
  <ItemGroup>
    <ClCompile Include="AudioManager.cpp">
      <Filter>Source Files\lib</Filter>
    </ClCompile>
    <ClCompile Include="Graphics.cpp">
      <Filter>Source Files\lib</Filter>
    </ClCompile>
    <ClCompile Include="Model.cpp">
      <Filter>Source Files\lib</Filter>
    </ClCompile>
    <ClCompile Include="Sprite.cpp">
      <Filter>Source Files\lib</Filter>
    </ClCompile>
    <ClCompile Include="Sprite2D.cpp">
      <Filter>Source Files\lib</Filter>
    </ClCompile>
    <ClCompile Include="SpriteEffect.cpp">
      <Filter>Source Files\lib\Effects</Filter>
    </ClCompile>
    <ClCompile Include="ToonEffect.cpp">
      <Filter>Source Files\lib\Effects</Filter>
    </ClCompile>
    <ClCompile Include="BasicEffect.cpp">
      <Filter>Source Files\lib\Effects</Filter>
    </ClCompile>
    <ClCompile Include="App.cpp">
      <Filter>Source Files\app</Filter>
    </ClCompile>
    <ClCompile Include="DemoScene.cpp">
      <Filter>Source Files\app</Filter>
    </ClCompile>
    <ClCompile Include="main.cpp">
      <Filter>Source Files\app</Filter>
    </ClCompile>
  </ItemGroup>
  <ItemGroup>
    <ClInclude Include="Actor.h">
      <Filter>Header Files\lib</Filter>
    </ClInclude>
    <ClInclude Include="AudioManager.h">
      <Filter>Header Files\lib</Filter>
    </ClInclude>
    <ClInclude Include="Camera.h">
      <Filter>Header Files\lib</Filter>
    </ClInclude>
    <ClInclude Include="Graphics.h">
      <Filter>Header Files\lib</Filter>
    </ClInclude>
    <ClInclude Include="InputManager.h">
      <Filter>Header Files\lib</Filter>
    </ClInclude>
    <ClInclude Include="Log.h">
      <Filter>Header Files\lib</Filter>
    </ClInclude>
    <ClInclude Include="Model.h">
      <Filter>Header Files\lib</Filter>
    </ClInclude>
    <ClInclude Include="Random.h">
      <Filter>Header Files\lib</Filter>
    </ClInclude>
    <ClInclude Include="Scene.h">
      <Filter>Header Files\lib</Filter>
    </ClInclude>
    <ClInclude Include="ShaderRV.h">
      <Filter>Header Files\lib</Filter>
    </ClInclude>
    <ClInclude Include="Sprite.h">
      <Filter>Header Files\lib</Filter>
    </ClInclude>
    <ClInclude Include="Sprite2D.h">
      <Filter>Header Files\lib</Filter>
    </ClInclude>
    <ClInclude Include="Types.h">
      <Filter>Header Files\lib</Filter>
    </ClInclude>
    <ClInclude Include="LightParam.h">
      <Filter>Header Files\lib</Filter>
    </ClInclude>
    <ClInclude Include="AliasMath.h">
      <Filter>Header Files\lib</Filter>
    </ClInclude>
    <ClInclude Include="BasicEffect.h">
      <Filter>Header Files\lib\Effects</Filter>
    </ClInclude>
    <ClInclude Include="ToonEffect.h">
      <Filter>Header Files\lib\Effects</Filter>
    </ClInclude>
    <ClInclude Include="SpriteEffect.h">
      <Filter>Header Files\lib\Effects</Filter>
    </ClInclude>
    <ClInclude Include="App.h">
      <Filter>Header Files\app</Filter>
    </ClInclude>
    <ClInclude Include="DemoScene.h">
      <Filter>Header Files\app</Filter>
    </ClInclude>
    <ClInclude Include="Singleton.h">
      <Filter>Header Files\lib</Filter>
    </ClInclude>
    <ClInclude Include="Player.h">
      <Filter>Header Files\app\actor</Filter>
    </ClInclude>
    <ClInclude Include="Enemy.h">
      <Filter>Header Files\app\actor</Filter>
    </ClInclude>
    <ClInclude Include="Particle.h">
      <Filter>Header Files\app\actor</Filter>
    </ClInclude>
    <ClInclude Include="Fwd.h">
      <Filter>Header Files\lib</Filter>
    </ClInclude>
    <ClInclude Include="Shot.h">
      <Filter>Header Files\app\actor</Filter>
    </ClInclude>
    <ClInclude Include="Score.h">
      <Filter>Header Files\app\actor</Filter>
    </ClInclude>
    <ClInclude Include="UtilDX.h">
      <Filter>Header Files\lib</Filter>
    </ClInclude>
    <ClInclude Include="UtilStr.h">
      <Filter>Header Files\lib</Filter>
    </ClInclude>
    <ClInclude Include="UtilFunc.h">
      <Filter>Header Files\lib</Filter>
    </ClInclude>
  </ItemGroup>
  <ItemGroup>
    <FxCompile Include="Shader\basic.fx">
      <Filter>Shader</Filter>
    </FxCompile>
    <FxCompile Include="Shader\sprite.fx">
      <Filter>Shader</Filter>
    </FxCompile>
    <FxCompile Include="Shader\toon.fx">
      <Filter>Shader</Filter>
    </FxCompile>
  </ItemGroup>
</Project>